{
  "name": "sommaipop",
  "version": "1.0.0",
  "description": "A simple project to track user clicks using FaunaDB.",
  "main": "index.js",
  "scripts": {
    "build": "netlify functions:build",
    "dev": "netlify dev"
  },
  "keywords": [],
  "author": "sommaipop",
  "license": "MIT",
  "dependencies": {
    "faunadb": "^3.0.0"
  },
  "devDependencies": {
    "@netlify/plugin-functions-install-core": "^1.0.0"
  },
  "engines": {
    "node": "14.x"
  }
}
